
Microsoft Visual Studio Solution File, Format Version 11.00
# Visual Studio 2010
Project("{FAE04EC0-301F-11D3-BF4B-00C04F79EFBC}") = "BackgroundRemovalBasics-WPF", "BackgroundRemovalBasics-WPF.csproj", "{A1A4EB2E-4163-41B6-8A07-7A28D648816F}"
EndProject
Project("{FAE04EC0-301F-11D3-BF4B-00C04F79EFBC}") = "Microsoft.Kinect.Toolkit", "..\Microsoft.Kinect.Toolkit\Microsoft.Kinect.Toolkit.csproj", "{C6F9C31B-6130-4443-A5CC-EF0664552ECD}"
EndProject
Global
	GlobalSection(SolutionConfigurationPlatforms) = preSolution
		Debug|Any CPU = Debug|Any CPU
		Release|Any CPU = Release|Any CPU
	EndGlobalSection
	GlobalSection(ProjectConfigurationPlatforms) = postSolution
		{A1A4EB2E-4163-41B6-8A07-7A28D648816F}.Debug|Any CPU.ActiveCfg = Debug|Any CPU
		{A1A4EB2E-4163-41B6-8A07-7A28D648816F}.Debug|Any CPU.Build.0 = Debug|Any CPU
		{A1A4EB2E-4163-41B6-8A07-7A28D648816F}.Release|Any CPU.ActiveCfg = Release|Any CPU
		{A1A4EB2E-4163-41B6-8A07-7A28D648816F}.Release|Any CPU.Build.0 = Release|Any CPU
		{C6F9C31B-6130-4443-A5CC-EF0664552ECD}.Debug|Any CPU.ActiveCfg = Debug|Any CPU
		{C6F9C31B-6130-4443-A5CC-EF0664552ECD}.Debug|Any CPU.Build.0 = Debug|Any CPU
		{C6F9C31B-6130-4443-A5CC-EF0664552ECD}.Release|Any CPU.ActiveCfg = Release|Any CPU
		{C6F9C31B-6130-4443-A5CC-EF0664552ECD}.Release|Any CPU.Build.0 = Release|Any CPU
	EndGlobalSection
	GlobalSection(SolutionProperties) = preSolution
		HideSolutionNode = FALSE
	EndGlobalSection
EndGlobal
